
Microsoft Visual Studio Solution File, Format Version 12.00
# Visual Studio Version 17
VisualStudioVersion = 17.14.36310.24
MinimumVisualStudioVersion = 10.0.40219.1
Project("{FAE04EC0-301F-11D3-BF4B-00C04F79EFBC}") = "ProductStore", "ProductStore.csproj", "{9D4DE3BC-4422-43F5-B131-5A564C1DBA45}"
EndProject
Global
	GlobalSection(SolutionConfigurationPlatforms) = preSolution
		Debug|Any CPU = Debug|Any CPU
		Release|Any CPU = Release|Any CPU
	EndGlobalSection
	GlobalSection(ProjectConfigurationPlatforms) = postSolution
		{9D4DE3BC-4422-43F5-B131-5A564C1DBA45}.Debug|Any CPU.ActiveCfg = Debug|Any CPU
		{9D4DE3BC-4422-43F5-B131-5A564C1DBA45}.Debug|Any CPU.Build.0 = Debug|Any CPU
		{9D4DE3BC-4422-43F5-B131-5A564C1DBA45}.Release|Any CPU.ActiveCfg = Release|Any CPU
		{9D4DE3BC-4422-43F5-B131-5A564C1DBA45}.Release|Any CPU.Build.0 = Release|Any CPU
	EndGlobalSection
	GlobalSection(SolutionProperties) = preSolution
		HideSolutionNode = FALSE
	EndGlobalSection
	GlobalSection(ExtensibilityGlobals) = postSolution
		SolutionGuid = {FC418C21-97C0-430A-8440-A47E7D3AF630}
	EndGlobalSection
EndGlobal
